
Microsoft Visual Studio Solution File, Format Version 12.00
# Visual Studio Version 17
VisualStudioVersion = 17.0.31903.59
MinimumVisualStudioVersion = 10.0.40219.1
Project("{2150E333-8FDC-42A3-9474-1A3956D46DE8}") = "src", "src", "{827E0CD3-B72D-47B6-A68D-7590B98EB39B}"
EndProject
Project("{FAE04EC0-301F-11D3-BF4B-00C04F79EFBC}") = "Finance.Domain", "src\Finance.Domain\Finance.Domain.csproj", "{65144184-18F5-41F3-B3A7-8BAFEFCF4F86}"
EndProject
Project("{FAE04EC0-301F-11D3-BF4B-00C04F79EFBC}") = "Finance.Infrastructure", "src\Finance.Infrastructure\Finance.Infrastructure.csproj", "{0E782839-E57B-4C70-ADF9-1E38E8E73C0F}"
EndProject
Project("{FAE04EC0-301F-11D3-BF4B-00C04F79EFBC}") = "Finance.Export", "src\Finance.Export\Finance.Export.csproj", "{0E6112BE-D313-4BFC-8579-7A6871D846C0}"
EndProject
Project("{FAE04EC0-301F-11D3-BF4B-00C04F79EFBC}") = "Finance.Host", "src\Finance.Host\Finance.Host.csproj", "{2ED4E99D-6D36-4512-A995-7E0F33042018}"
EndProject
Project("{FAE04EC0-301F-11D3-BF4B-00C04F79EFBC}") = "Finance.Tests", "tests\Finance.Tests\Finance.Tests.csproj", "{9AD02ACB-88E7-40EE-822B-6D168BD23C82}"
EndProject
Project("{FAE04EC0-301F-11D3-BF4B-00C04F79EFBC}") = "Finance.Application", "src\Finance.Application\Finance.Application.csproj", "{C7BEA50C-542B-4799-846F-362B2F7A9FAF}"
EndProject
Global
	GlobalSection(SolutionConfigurationPlatforms) = preSolution
		Debug|Any CPU = Debug|Any CPU
		Debug|x64 = Debug|x64
		Debug|x86 = Debug|x86
		Release|Any CPU = Release|Any CPU
		Release|x64 = Release|x64
		Release|x86 = Release|x86
	EndGlobalSection
	GlobalSection(ProjectConfigurationPlatforms) = postSolution
		{65144184-18F5-41F3-B3A7-8BAFEFCF4F86}.Debug|Any CPU.ActiveCfg = Debug|Any CPU
		{65144184-18F5-41F3-B3A7-8BAFEFCF4F86}.Debug|Any CPU.Build.0 = Debug|Any CPU
		{65144184-18F5-41F3-B3A7-8BAFEFCF4F86}.Debug|x64.ActiveCfg = Debug|Any CPU
		{65144184-18F5-41F3-B3A7-8BAFEFCF4F86}.Debug|x64.Build.0 = Debug|Any CPU
		{65144184-18F5-41F3-B3A7-8BAFEFCF4F86}.Debug|x86.ActiveCfg = Debug|Any CPU
		{65144184-18F5-41F3-B3A7-8BAFEFCF4F86}.Debug|x86.Build.0 = Debug|Any CPU
		{65144184-18F5-41F3-B3A7-8BAFEFCF4F86}.Release|Any CPU.ActiveCfg = Release|Any CPU
		{65144184-18F5-41F3-B3A7-8BAFEFCF4F86}.Release|Any CPU.Build.0 = Release|Any CPU
		{65144184-18F5-41F3-B3A7-8BAFEFCF4F86}.Release|x64.ActiveCfg = Release|Any CPU
		{65144184-18F5-41F3-B3A7-8BAFEFCF4F86}.Release|x64.Build.0 = Release|Any CPU
		{65144184-18F5-41F3-B3A7-8BAFEFCF4F86}.Release|x86.ActiveCfg = Release|Any CPU
		{65144184-18F5-41F3-B3A7-8BAFEFCF4F86}.Release|x86.Build.0 = Release|Any CPU
		{0E782839-E57B-4C70-ADF9-1E38E8E73C0F}.Debug|Any CPU.ActiveCfg = Debug|Any CPU
		{0E782839-E57B-4C70-ADF9-1E38E8E73C0F}.Debug|Any CPU.Build.0 = Debug|Any CPU
		{0E782839-E57B-4C70-ADF9-1E38E8E73C0F}.Debug|x64.ActiveCfg = Debug|Any CPU
		{0E782839-E57B-4C70-ADF9-1E38E8E73C0F}.Debug|x64.Build.0 = Debug|Any CPU
		{0E782839-E57B-4C70-ADF9-1E38E8E73C0F}.Debug|x86.ActiveCfg = Debug|Any CPU
		{0E782839-E57B-4C70-ADF9-1E38E8E73C0F}.Debug|x86.Build.0 = Debug|Any CPU
		{0E782839-E57B-4C70-ADF9-1E38E8E73C0F}.Release|Any CPU.ActiveCfg = Release|Any CPU
		{0E782839-E57B-4C70-ADF9-1E38E8E73C0F}.Release|Any CPU.Build.0 = Release|Any CPU
		{0E782839-E57B-4C70-ADF9-1E38E8E73C0F}.Release|x64.ActiveCfg = Release|Any CPU
		{0E782839-E57B-4C70-ADF9-1E38E8E73C0F}.Release|x64.Build.0 = Release|Any CPU
		{0E782839-E57B-4C70-ADF9-1E38E8E73C0F}.Release|x86.ActiveCfg = Release|Any CPU
		{0E782839-E57B-4C70-ADF9-1E38E8E73C0F}.Release|x86.Build.0 = Release|Any CPU
		{0E6112BE-D313-4BFC-8579-7A6871D846C0}.Debug|Any CPU.ActiveCfg = Debug|Any CPU
		{0E6112BE-D313-4BFC-8579-7A6871D846C0}.Debug|Any CPU.Build.0 = Debug|Any CPU
		{0E6112BE-D313-4BFC-8579-7A6871D846C0}.Debug|x64.ActiveCfg = Debug|Any CPU
		{0E6112BE-D313-4BFC-8579-7A6871D846C0}.Debug|x64.Build.0 = Debug|Any CPU
		{0E6112BE-D313-4BFC-8579-7A6871D846C0}.Debug|x86.ActiveCfg = Debug|Any CPU
		{0E6112BE-D313-4BFC-8579-7A6871D846C0}.Debug|x86.Build.0 = Debug|Any CPU
		{0E6112BE-D313-4BFC-8579-7A6871D846C0}.Release|Any CPU.ActiveCfg = Release|Any CPU
		{0E6112BE-D313-4BFC-8579-7A6871D846C0}.Release|Any CPU.Build.0 = Release|Any CPU
		{0E6112BE-D313-4BFC-8579-7A6871D846C0}.Release|x64.ActiveCfg = Release|Any CPU
		{0E6112BE-D313-4BFC-8579-7A6871D846C0}.Release|x64.Build.0 = Release|Any CPU
		{0E6112BE-D313-4BFC-8579-7A6871D846C0}.Release|x86.ActiveCfg = Release|Any CPU
		{0E6112BE-D313-4BFC-8579-7A6871D846C0}.Release|x86.Build.0 = Release|Any CPU
		{2ED4E99D-6D36-4512-A995-7E0F33042018}.Debug|Any CPU.ActiveCfg = Debug|Any CPU
		{2ED4E99D-6D36-4512-A995-7E0F33042018}.Debug|Any CPU.Build.0 = Debug|Any CPU
		{2ED4E99D-6D36-4512-A995-7E0F33042018}.Debug|x64.ActiveCfg = Debug|Any CPU
		{2ED4E99D-6D36-4512-A995-7E0F33042018}.Debug|x64.Build.0 = Debug|Any CPU
		{2ED4E99D-6D36-4512-A995-7E0F33042018}.Debug|x86.ActiveCfg = Debug|Any CPU
		{2ED4E99D-6D36-4512-A995-7E0F33042018}.Debug|x86.Build.0 = Debug|Any CPU
		{2ED4E99D-6D36-4512-A995-7E0F33042018}.Release|Any CPU.ActiveCfg = Release|Any CPU
		{2ED4E99D-6D36-4512-A995-7E0F33042018}.Release|Any CPU.Build.0 = Release|Any CPU
		{2ED4E99D-6D36-4512-A995-7E0F33042018}.Release|x64.ActiveCfg = Release|Any CPU
		{2ED4E99D-6D36-4512-A995-7E0F33042018}.Release|x64.Build.0 = Release|Any CPU
		{2ED4E99D-6D36-4512-A995-7E0F33042018}.Release|x86.ActiveCfg = Release|Any CPU
		{2ED4E99D-6D36-4512-A995-7E0F33042018}.Release|x86.Build.0 = Release|Any CPU
		{9AD02ACB-88E7-40EE-822B-6D168BD23C82}.Debug|Any CPU.ActiveCfg = Debug|Any CPU
		{9AD02ACB-88E7-40EE-822B-6D168BD23C82}.Debug|Any CPU.Build.0 = Debug|Any CPU
		{9AD02ACB-88E7-40EE-822B-6D168BD23C82}.Debug|x64.ActiveCfg = Debug|Any CPU
		{9AD02ACB-88E7-40EE-822B-6D168BD23C82}.Debug|x64.Build.0 = Debug|Any CPU
		{9AD02ACB-88E7-40EE-822B-6D168BD23C82}.Debug|x86.ActiveCfg = Debug|Any CPU
		{9AD02ACB-88E7-40EE-822B-6D168BD23C82}.Debug|x86.Build.0 = Debug|Any CPU
		{9AD02ACB-88E7-40EE-822B-6D168BD23C82}.Release|Any CPU.ActiveCfg = Release|Any CPU
		{9AD02ACB-88E7-40EE-822B-6D168BD23C82}.Release|Any CPU.Build.0 = Release|Any CPU
		{9AD02ACB-88E7-40EE-822B-6D168BD23C82}.Release|x64.ActiveCfg = Release|Any CPU
		{9AD02ACB-88E7-40EE-822B-6D168BD23C82}.Release|x64.Build.0 = Release|Any CPU
		{9AD02ACB-88E7-40EE-822B-6D168BD23C82}.Release|x86.ActiveCfg = Release|Any CPU
		{9AD02ACB-88E7-40EE-822B-6D168BD23C82}.Release|x86.Build.0 = Release|Any CPU
		{C7BEA50C-542B-4799-846F-362B2F7A9FAF}.Debug|Any CPU.ActiveCfg = Debug|Any CPU
		{C7BEA50C-542B-4799-846F-362B2F7A9FAF}.Debug|Any CPU.Build.0 = Debug|Any CPU
		{C7BEA50C-542B-4799-846F-362B2F7A9FAF}.Debug|x64.ActiveCfg = Debug|Any CPU
		{C7BEA50C-542B-4799-846F-362B2F7A9FAF}.Debug|x64.Build.0 = Debug|Any CPU
		{C7BEA50C-542B-4799-846F-362B2F7A9FAF}.Debug|x86.ActiveCfg = Debug|Any CPU
		{C7BEA50C-542B-4799-846F-362B2F7A9FAF}.Debug|x86.Build.0 = Debug|Any CPU
		{C7BEA50C-542B-4799-846F-362B2F7A9FAF}.Release|Any CPU.ActiveCfg = Release|Any CPU
		{C7BEA50C-542B-4799-846F-362B2F7A9FAF}.Release|Any CPU.Build.0 = Release|Any CPU
		{C7BEA50C-542B-4799-846F-362B2F7A9FAF}.Release|x64.ActiveCfg = Release|Any CPU
		{C7BEA50C-542B-4799-846F-362B2F7A9FAF}.Release|x64.Build.0 = Release|Any CPU
		{C7BEA50C-542B-4799-846F-362B2F7A9FAF}.Release|x86.ActiveCfg = Release|Any CPU
		{C7BEA50C-542B-4799-846F-362B2F7A9FAF}.Release|x86.Build.0 = Release|Any CPU
	EndGlobalSection
	GlobalSection(SolutionProperties) = preSolution
		HideSolutionNode = FALSE
	EndGlobalSection
	GlobalSection(NestedProjects) = preSolution
		{65144184-18F5-41F3-B3A7-8BAFEFCF4F86} = {827E0CD3-B72D-47B6-A68D-7590B98EB39B}
		{0E782839-E57B-4C70-ADF9-1E38E8E73C0F} = {827E0CD3-B72D-47B6-A68D-7590B98EB39B}
		{0E6112BE-D313-4BFC-8579-7A6871D846C0} = {827E0CD3-B72D-47B6-A68D-7590B98EB39B}
		{2ED4E99D-6D36-4512-A995-7E0F33042018} = {827E0CD3-B72D-47B6-A68D-7590B98EB39B}
		{9AD02ACB-88E7-40EE-822B-6D168BD23C82} = {827E0CD3-B72D-47B6-A68D-7590B98EB39B}
		{C7BEA50C-542B-4799-846F-362B2F7A9FAF} = {827E0CD3-B72D-47B6-A68D-7590B98EB39B}
	EndGlobalSection
EndGlobal
