
Microsoft Visual Studio Solution File, Format Version 12.00
# Visual Studio Version 17
VisualStudioVersion = 17.0.31903.59
MinimumVisualStudioVersion = 10.0.40219.1
Project("{2150E333-8FDC-42A3-9474-1A3956D46DE8}") = "src", "src", "{827E0CD3-B72D-47B6-A68D-7590B98EB39B}"
EndProject
Project("{FAE04EC0-301F-11D3-BF4B-00C04F79EFBC}") = "Finance.Core", "src\Finance.Core\Finance.Core.csproj", "{70EBB309-3AF7-48A6-94B4-946BFF01FA19}"
EndProject
Project("{FAE04EC0-301F-11D3-BF4B-00C04F79EFBC}") = "Finance.Data", "src\Finance.Data\Finance.Data.csproj", "{C332CF21-5A12-47B3-B004-171963610039}"
EndProject
Project("{FAE04EC0-301F-11D3-BF4B-00C04F79EFBC}") = "Finance.Export", "src\Finance.Export\Finance.Export.csproj", "{83F31A8A-2121-463B-A31F-05152EDC3F7D}"
EndProject
Project("{FAE04EC0-301F-11D3-BF4B-00C04F79EFBC}") = "Finance.Host", "src\Finance.Host\Finance.Host.csproj", "{68E642FB-7847-4022-994E-93994B060FEF}"
EndProject
Project("{FAE04EC0-301F-11D3-BF4B-00C04F79EFBC}") = "Finance.Tests", "tests\Finance.Tests\Finance.Tests.csproj", "{02A20720-EA89-4143-B8A2-3AB6ABA66FFE}"
EndProject
Global
	GlobalSection(SolutionConfigurationPlatforms) = preSolution
		Debug|Any CPU = Debug|Any CPU
		Debug|x64 = Debug|x64
		Debug|x86 = Debug|x86
		Release|Any CPU = Release|Any CPU
		Release|x64 = Release|x64
		Release|x86 = Release|x86
	EndGlobalSection
	GlobalSection(ProjectConfigurationPlatforms) = postSolution
		{70EBB309-3AF7-48A6-94B4-946BFF01FA19}.Debug|Any CPU.ActiveCfg = Debug|Any CPU
		{70EBB309-3AF7-48A6-94B4-946BFF01FA19}.Debug|Any CPU.Build.0 = Debug|Any CPU
		{70EBB309-3AF7-48A6-94B4-946BFF01FA19}.Debug|x64.ActiveCfg = Debug|Any CPU
		{70EBB309-3AF7-48A6-94B4-946BFF01FA19}.Debug|x64.Build.0 = Debug|Any CPU
		{70EBB309-3AF7-48A6-94B4-946BFF01FA19}.Debug|x86.ActiveCfg = Debug|Any CPU
		{70EBB309-3AF7-48A6-94B4-946BFF01FA19}.Debug|x86.Build.0 = Debug|Any CPU
		{70EBB309-3AF7-48A6-94B4-946BFF01FA19}.Release|Any CPU.ActiveCfg = Release|Any CPU
		{70EBB309-3AF7-48A6-94B4-946BFF01FA19}.Release|Any CPU.Build.0 = Release|Any CPU
		{70EBB309-3AF7-48A6-94B4-946BFF01FA19}.Release|x64.ActiveCfg = Release|Any CPU
		{70EBB309-3AF7-48A6-94B4-946BFF01FA19}.Release|x64.Build.0 = Release|Any CPU
		{70EBB309-3AF7-48A6-94B4-946BFF01FA19}.Release|x86.ActiveCfg = Release|Any CPU
		{70EBB309-3AF7-48A6-94B4-946BFF01FA19}.Release|x86.Build.0 = Release|Any CPU
		{C332CF21-5A12-47B3-B004-171963610039}.Debug|Any CPU.ActiveCfg = Debug|Any CPU
		{C332CF21-5A12-47B3-B004-171963610039}.Debug|Any CPU.Build.0 = Debug|Any CPU
		{C332CF21-5A12-47B3-B004-171963610039}.Debug|x64.ActiveCfg = Debug|Any CPU
		{C332CF21-5A12-47B3-B004-171963610039}.Debug|x64.Build.0 = Debug|Any CPU
		{C332CF21-5A12-47B3-B004-171963610039}.Debug|x86.ActiveCfg = Debug|Any CPU
		{C332CF21-5A12-47B3-B004-171963610039}.Debug|x86.Build.0 = Debug|Any CPU
		{C332CF21-5A12-47B3-B004-171963610039}.Release|Any CPU.ActiveCfg = Release|Any CPU
		{C332CF21-5A12-47B3-B004-171963610039}.Release|Any CPU.Build.0 = Release|Any CPU
		{C332CF21-5A12-47B3-B004-171963610039}.Release|x64.ActiveCfg = Release|Any CPU
		{C332CF21-5A12-47B3-B004-171963610039}.Release|x64.Build.0 = Release|Any CPU
		{C332CF21-5A12-47B3-B004-171963610039}.Release|x86.ActiveCfg = Release|Any CPU
		{C332CF21-5A12-47B3-B004-171963610039}.Release|x86.Build.0 = Release|Any CPU
		{83F31A8A-2121-463B-A31F-05152EDC3F7D}.Debug|Any CPU.ActiveCfg = Debug|Any CPU
		{83F31A8A-2121-463B-A31F-05152EDC3F7D}.Debug|Any CPU.Build.0 = Debug|Any CPU
		{83F31A8A-2121-463B-A31F-05152EDC3F7D}.Debug|x64.ActiveCfg = Debug|Any CPU
		{83F31A8A-2121-463B-A31F-05152EDC3F7D}.Debug|x64.Build.0 = Debug|Any CPU
		{83F31A8A-2121-463B-A31F-05152EDC3F7D}.Debug|x86.ActiveCfg = Debug|Any CPU
		{83F31A8A-2121-463B-A31F-05152EDC3F7D}.Debug|x86.Build.0 = Debug|Any CPU
		{83F31A8A-2121-463B-A31F-05152EDC3F7D}.Release|Any CPU.ActiveCfg = Release|Any CPU
		{83F31A8A-2121-463B-A31F-05152EDC3F7D}.Release|Any CPU.Build.0 = Release|Any CPU
		{83F31A8A-2121-463B-A31F-05152EDC3F7D}.Release|x64.ActiveCfg = Release|Any CPU
		{83F31A8A-2121-463B-A31F-05152EDC3F7D}.Release|x64.Build.0 = Release|Any CPU
		{83F31A8A-2121-463B-A31F-05152EDC3F7D}.Release|x86.ActiveCfg = Release|Any CPU
		{83F31A8A-2121-463B-A31F-05152EDC3F7D}.Release|x86.Build.0 = Release|Any CPU
		{68E642FB-7847-4022-994E-93994B060FEF}.Debug|Any CPU.ActiveCfg = Debug|Any CPU
		{68E642FB-7847-4022-994E-93994B060FEF}.Debug|Any CPU.Build.0 = Debug|Any CPU
		{68E642FB-7847-4022-994E-93994B060FEF}.Debug|x64.ActiveCfg = Debug|Any CPU
		{68E642FB-7847-4022-994E-93994B060FEF}.Debug|x64.Build.0 = Debug|Any CPU
		{68E642FB-7847-4022-994E-93994B060FEF}.Debug|x86.ActiveCfg = Debug|Any CPU
		{68E642FB-7847-4022-994E-93994B060FEF}.Debug|x86.Build.0 = Debug|Any CPU
		{68E642FB-7847-4022-994E-93994B060FEF}.Release|Any CPU.ActiveCfg = Release|Any CPU
		{68E642FB-7847-4022-994E-93994B060FEF}.Release|Any CPU.Build.0 = Release|Any CPU
		{68E642FB-7847-4022-994E-93994B060FEF}.Release|x64.ActiveCfg = Release|Any CPU
		{68E642FB-7847-4022-994E-93994B060FEF}.Release|x64.Build.0 = Release|Any CPU
		{68E642FB-7847-4022-994E-93994B060FEF}.Release|x86.ActiveCfg = Release|Any CPU
		{68E642FB-7847-4022-994E-93994B060FEF}.Release|x86.Build.0 = Release|Any CPU
		{02A20720-EA89-4143-B8A2-3AB6ABA66FFE}.Debug|Any CPU.ActiveCfg = Debug|Any CPU
		{02A20720-EA89-4143-B8A2-3AB6ABA66FFE}.Debug|Any CPU.Build.0 = Debug|Any CPU
		{02A20720-EA89-4143-B8A2-3AB6ABA66FFE}.Debug|x64.ActiveCfg = Debug|Any CPU
		{02A20720-EA89-4143-B8A2-3AB6ABA66FFE}.Debug|x64.Build.0 = Debug|Any CPU
		{02A20720-EA89-4143-B8A2-3AB6ABA66FFE}.Debug|x86.ActiveCfg = Debug|Any CPU
		{02A20720-EA89-4143-B8A2-3AB6ABA66FFE}.Debug|x86.Build.0 = Debug|Any CPU
		{02A20720-EA89-4143-B8A2-3AB6ABA66FFE}.Release|Any CPU.ActiveCfg = Release|Any CPU
		{02A20720-EA89-4143-B8A2-3AB6ABA66FFE}.Release|Any CPU.Build.0 = Release|Any CPU
		{02A20720-EA89-4143-B8A2-3AB6ABA66FFE}.Release|x64.ActiveCfg = Release|Any CPU
		{02A20720-EA89-4143-B8A2-3AB6ABA66FFE}.Release|x64.Build.0 = Release|Any CPU
		{02A20720-EA89-4143-B8A2-3AB6ABA66FFE}.Release|x86.ActiveCfg = Release|Any CPU
		{02A20720-EA89-4143-B8A2-3AB6ABA66FFE}.Release|x86.Build.0 = Release|Any CPU
	EndGlobalSection
	GlobalSection(SolutionProperties) = preSolution
		HideSolutionNode = FALSE
	EndGlobalSection
	GlobalSection(NestedProjects) = preSolution
		{70EBB309-3AF7-48A6-94B4-946BFF01FA19} = {827E0CD3-B72D-47B6-A68D-7590B98EB39B}
		{C332CF21-5A12-47B3-B004-171963610039} = {827E0CD3-B72D-47B6-A68D-7590B98EB39B}
		{83F31A8A-2121-463B-A31F-05152EDC3F7D} = {827E0CD3-B72D-47B6-A68D-7590B98EB39B}
		{68E642FB-7847-4022-994E-93994B060FEF} = {827E0CD3-B72D-47B6-A68D-7590B98EB39B}
		{02A20720-EA89-4143-B8A2-3AB6ABA66FFE} = {827E0CD3-B72D-47B6-A68D-7590B98EB39B}
	EndGlobalSection
EndGlobal
